
Microsoft Visual Studio Solution File, Format Version 12.00
# Visual Studio Version 17
VisualStudioVersion = 17.10.35004.147
MinimumVisualStudioVersion = 10.0.40219.1
Project("{FAE04EC0-301F-11D3-BF4B-00C04F79EFBC}") = "A2ClassWork-24-25", "A2ClassWork-24-25\A2ClassWork-24-25.csproj", "{10AD5A4B-DC68-4B44-B113-6CBFF6AFA047}"
EndProject
Project("{FAE04EC0-301F-11D3-BF4B-00C04F79EFBC}") = "D-OOP", "D-OOP\D-OOP.csproj", "{88C176ED-D4B9-4BEA-9311-DEA3C3F375E8}"
EndProject
Project("{FAE04EC0-301F-11D3-BF4B-00C04F79EFBC}") = "C-OOP", "C-OOP\C-OOP.csproj", "{FB6D1769-355C-41D7-B8C0-EE422C6E187C}"
EndProject
Project("{FAE04EC0-301F-11D3-BF4B-00C04F79EFBC}") = "F-OOP", "F-OOP\F-OOP.csproj", "{40322695-0E32-4560-95A7-011F0A32B2FF}"
EndProject
Global
	GlobalSection(SolutionConfigurationPlatforms) = preSolution
		Debug|Any CPU = Debug|Any CPU
		Release|Any CPU = Release|Any CPU
	EndGlobalSection
	GlobalSection(ProjectConfigurationPlatforms) = postSolution
		{10AD5A4B-DC68-4B44-B113-6CBFF6AFA047}.Debug|Any CPU.ActiveCfg = Debug|Any CPU
		{10AD5A4B-DC68-4B44-B113-6CBFF6AFA047}.Debug|Any CPU.Build.0 = Debug|Any CPU
		{10AD5A4B-DC68-4B44-B113-6CBFF6AFA047}.Release|Any CPU.ActiveCfg = Release|Any CPU
		{10AD5A4B-DC68-4B44-B113-6CBFF6AFA047}.Release|Any CPU.Build.0 = Release|Any CPU
		{88C176ED-D4B9-4BEA-9311-DEA3C3F375E8}.Debug|Any CPU.ActiveCfg = Debug|Any CPU
		{88C176ED-D4B9-4BEA-9311-DEA3C3F375E8}.Debug|Any CPU.Build.0 = Debug|Any CPU
		{88C176ED-D4B9-4BEA-9311-DEA3C3F375E8}.Release|Any CPU.ActiveCfg = Release|Any CPU
		{88C176ED-D4B9-4BEA-9311-DEA3C3F375E8}.Release|Any CPU.Build.0 = Release|Any CPU
		{FB6D1769-355C-41D7-B8C0-EE422C6E187C}.Debug|Any CPU.ActiveCfg = Debug|Any CPU
		{FB6D1769-355C-41D7-B8C0-EE422C6E187C}.Debug|Any CPU.Build.0 = Debug|Any CPU
		{FB6D1769-355C-41D7-B8C0-EE422C6E187C}.Release|Any CPU.ActiveCfg = Release|Any CPU
		{FB6D1769-355C-41D7-B8C0-EE422C6E187C}.Release|Any CPU.Build.0 = Release|Any CPU
		{40322695-0E32-4560-95A7-011F0A32B2FF}.Debug|Any CPU.ActiveCfg = Debug|Any CPU
		{40322695-0E32-4560-95A7-011F0A32B2FF}.Debug|Any CPU.Build.0 = Debug|Any CPU
		{40322695-0E32-4560-95A7-011F0A32B2FF}.Release|Any CPU.ActiveCfg = Release|Any CPU
		{40322695-0E32-4560-95A7-011F0A32B2FF}.Release|Any CPU.Build.0 = Release|Any CPU
	EndGlobalSection
	GlobalSection(SolutionProperties) = preSolution
		HideSolutionNode = FALSE
	EndGlobalSection
	GlobalSection(ExtensibilityGlobals) = postSolution
		SolutionGuid = {D9D0CE1C-B659-432C-A6C8-9CFFED38F84A}
	EndGlobalSection
EndGlobal
